
Microsoft Visual Studio Solution File, Format Version 12.00
# Visual Studio 15
VisualStudioVersion = 15.0.26124.0
MinimumVisualStudioVersion = 15.0.26124.0
Project("{FAE04EC0-301F-11D3-BF4B-00C04F79EFBC}") = "API", "API\API.csproj", "{1BEBF179-745E-4520-800C-D272717D018C}"
EndProject
Project("{FAE04EC0-301F-11D3-BF4B-00C04F79EFBC}") = "Core", "Core\Core.csproj", "{48018830-7EE9-4E85-9C16-CD471610A4C3}"
EndProject
Project("{FAE04EC0-301F-11D3-BF4B-00C04F79EFBC}") = "Infrastructure", "Infrastructure\Infrastructure.csproj", "{A3D91800-2428-4AF9-A792-04F4085469EA}"
EndProject
Global
	GlobalSection(SolutionConfigurationPlatforms) = preSolution
		Debug|Any CPU = Debug|Any CPU
		Debug|x64 = Debug|x64
		Debug|x86 = Debug|x86
		Release|Any CPU = Release|Any CPU
		Release|x64 = Release|x64
		Release|x86 = Release|x86
	EndGlobalSection
	GlobalSection(SolutionProperties) = preSolution
		HideSolutionNode = FALSE
	EndGlobalSection
	GlobalSection(ProjectConfigurationPlatforms) = postSolution
		{1BEBF179-745E-4520-800C-D272717D018C}.Debug|Any CPU.ActiveCfg = Debug|Any CPU
		{1BEBF179-745E-4520-800C-D272717D018C}.Debug|Any CPU.Build.0 = Debug|Any CPU
		{1BEBF179-745E-4520-800C-D272717D018C}.Debug|x64.ActiveCfg = Debug|Any CPU
		{1BEBF179-745E-4520-800C-D272717D018C}.Debug|x64.Build.0 = Debug|Any CPU
		{1BEBF179-745E-4520-800C-D272717D018C}.Debug|x86.ActiveCfg = Debug|Any CPU
		{1BEBF179-745E-4520-800C-D272717D018C}.Debug|x86.Build.0 = Debug|Any CPU
		{1BEBF179-745E-4520-800C-D272717D018C}.Release|Any CPU.ActiveCfg = Release|Any CPU
		{1BEBF179-745E-4520-800C-D272717D018C}.Release|Any CPU.Build.0 = Release|Any CPU
		{1BEBF179-745E-4520-800C-D272717D018C}.Release|x64.ActiveCfg = Release|Any CPU
		{1BEBF179-745E-4520-800C-D272717D018C}.Release|x64.Build.0 = Release|Any CPU
		{1BEBF179-745E-4520-800C-D272717D018C}.Release|x86.ActiveCfg = Release|Any CPU
		{1BEBF179-745E-4520-800C-D272717D018C}.Release|x86.Build.0 = Release|Any CPU
		{48018830-7EE9-4E85-9C16-CD471610A4C3}.Debug|Any CPU.ActiveCfg = Debug|Any CPU
		{48018830-7EE9-4E85-9C16-CD471610A4C3}.Debug|Any CPU.Build.0 = Debug|Any CPU
		{48018830-7EE9-4E85-9C16-CD471610A4C3}.Debug|x64.ActiveCfg = Debug|Any CPU
		{48018830-7EE9-4E85-9C16-CD471610A4C3}.Debug|x64.Build.0 = Debug|Any CPU
		{48018830-7EE9-4E85-9C16-CD471610A4C3}.Debug|x86.ActiveCfg = Debug|Any CPU
		{48018830-7EE9-4E85-9C16-CD471610A4C3}.Debug|x86.Build.0 = Debug|Any CPU
		{48018830-7EE9-4E85-9C16-CD471610A4C3}.Release|Any CPU.ActiveCfg = Release|Any CPU
		{48018830-7EE9-4E85-9C16-CD471610A4C3}.Release|Any CPU.Build.0 = Release|Any CPU
		{48018830-7EE9-4E85-9C16-CD471610A4C3}.Release|x64.ActiveCfg = Release|Any CPU
		{48018830-7EE9-4E85-9C16-CD471610A4C3}.Release|x64.Build.0 = Release|Any CPU
		{48018830-7EE9-4E85-9C16-CD471610A4C3}.Release|x86.ActiveCfg = Release|Any CPU
		{48018830-7EE9-4E85-9C16-CD471610A4C3}.Release|x86.Build.0 = Release|Any CPU
		{A3D91800-2428-4AF9-A792-04F4085469EA}.Debug|Any CPU.ActiveCfg = Debug|Any CPU
		{A3D91800-2428-4AF9-A792-04F4085469EA}.Debug|Any CPU.Build.0 = Debug|Any CPU
		{A3D91800-2428-4AF9-A792-04F4085469EA}.Debug|x64.ActiveCfg = Debug|Any CPU
		{A3D91800-2428-4AF9-A792-04F4085469EA}.Debug|x64.Build.0 = Debug|Any CPU
		{A3D91800-2428-4AF9-A792-04F4085469EA}.Debug|x86.ActiveCfg = Debug|Any CPU
		{A3D91800-2428-4AF9-A792-04F4085469EA}.Debug|x86.Build.0 = Debug|Any CPU
		{A3D91800-2428-4AF9-A792-04F4085469EA}.Release|Any CPU.ActiveCfg = Release|Any CPU
		{A3D91800-2428-4AF9-A792-04F4085469EA}.Release|Any CPU.Build.0 = Release|Any CPU
		{A3D91800-2428-4AF9-A792-04F4085469EA}.Release|x64.ActiveCfg = Release|Any CPU
		{A3D91800-2428-4AF9-A792-04F4085469EA}.Release|x64.Build.0 = Release|Any CPU
		{A3D91800-2428-4AF9-A792-04F4085469EA}.Release|x86.ActiveCfg = Release|Any CPU
		{A3D91800-2428-4AF9-A792-04F4085469EA}.Release|x86.Build.0 = Release|Any CPU
	EndGlobalSection
EndGlobal
